# This file is automatically @generated by Cargo.
# It is not intended for manual editing.
version = 3

[[package]]
name = "cc"
version = "1.1.4"
source = "registry+https://github.com/rust-lang/crates.io-index"
checksum = "9711f33475c22aab363b05564a17d7b789bf3dfec5ebabb586adee56f0e271b5"

[[package]]
name = "milkv-rs"
version = "0.1.0"
dependencies = [
 "cc",
]

[[package]]
name = "vga"
version = "0.1.0"
dependencies = [
 "milkv-rs",
]
