# This file is automatically @generated by Cargo.
# It is not intended for manual editing.
version = 3

[[package]]
name = "byteorder"
version = "1.5.0"
source = "registry+https://github.com/rust-lang/crates.io-index"
checksum = "1fd0f2584146f6f2ef48085050886acf353beff7305ebd1ae69500e27c67f64b"

[[package]]
name = "cc"
version = "1.0.99"
source = "registry+https://github.com/rust-lang/crates.io-index"
checksum = "96c51067fd44124faa7f870b4b1c969379ad32b2ba805aa959430ceaa384f695"

[[package]]
name = "fip"
version = "0.1.0"
dependencies = [
 "lz4",
 "lzma-rust",
]

[[package]]
name = "libc"
version = "0.2.155"
source = "registry+https://github.com/rust-lang/crates.io-index"
checksum = "97b3888a4aecf77e811145cadf6eef5901f4782c53886191b2f693f24761847c"

[[package]]
name = "lz4"
version = "1.25.0"
source = "registry+https://github.com/rust-lang/crates.io-index"
checksum = "d6eab492fe7f8651add23237ea56dbf11b3c4ff762ab83d40a47f11433421f91"
dependencies = [
 "libc",
 "lz4-sys",
]

[[package]]
name = "lz4-sys"
version = "1.9.5"
source = "registry+https://github.com/rust-lang/crates.io-index"
checksum = "e9764018d143cc854c9f17f0b907de70f14393b1f502da6375dce70f00514eb3"
dependencies = [
 "cc",
 "libc",
]

[[package]]
name = "lzma-rust"
version = "0.1.6"
source = "registry+https://github.com/rust-lang/crates.io-index"
checksum = "d5edcf5d1f4d78221ea7861fb69899afd15c42601751f92f09a06f7b051fb289"
dependencies = [
 "byteorder",
]
